
Microsoft Visual Studio Solution File, Format Version 12.00
# Visual Studio Version 17
VisualStudioVersion = 17.0.32112.339
MinimumVisualStudioVersion = 10.0.40219.1
Project("{9A19103F-16F7-4668-BE54-9A1E7A4F7556}") = "TestServer", "src\TestServer\TestServer.csproj", "{9AF09F0D-5B1B-451C-81FA-75E6FBB55F5E}"
EndProject
Project("{FAE04EC0-301F-11D3-BF4B-00C04F79EFBC}") = "TestServer.Tests", "test\TestServer.Tests\TestServer.Tests.csproj", "{AA288AC7-12FA-4D00-87DC-88A5542069C5}"
EndProject
Global
	GlobalSection(SolutionConfigurationPlatforms) = preSolution
		Debug|Any CPU = Debug|Any CPU
		Release|Any CPU = Release|Any CPU
	EndGlobalSection
	GlobalSection(ProjectConfigurationPlatforms) = postSolution
		{9AF09F0D-5B1B-451C-81FA-75E6FBB55F5E}.Debug|Any CPU.ActiveCfg = Debug|Any CPU
		{9AF09F0D-5B1B-451C-81FA-75E6FBB55F5E}.Debug|Any CPU.Build.0 = Debug|Any CPU
		{9AF09F0D-5B1B-451C-81FA-75E6FBB55F5E}.Release|Any CPU.ActiveCfg = Release|Any CPU
		{9AF09F0D-5B1B-451C-81FA-75E6FBB55F5E}.Release|Any CPU.Build.0 = Release|Any CPU
		{AA288AC7-12FA-4D00-87DC-88A5542069C5}.Debug|Any CPU.ActiveCfg = Debug|Any CPU
		{AA288AC7-12FA-4D00-87DC-88A5542069C5}.Debug|Any CPU.Build.0 = Debug|Any CPU
		{AA288AC7-12FA-4D00-87DC-88A5542069C5}.Release|Any CPU.ActiveCfg = Release|Any CPU
		{AA288AC7-12FA-4D00-87DC-88A5542069C5}.Release|Any CPU.Build.0 = Release|Any CPU
	EndGlobalSection
	GlobalSection(SolutionProperties) = preSolution
		HideSolutionNode = FALSE
	EndGlobalSection
	GlobalSection(ExtensibilityGlobals) = postSolution
		SolutionGuid = {F52F6B90-1394-43AC-87BF-7986DA00F105}
	EndGlobalSection
EndGlobal
